
Microsoft Visual Studio Solution File, Format Version 11.00
# Visual Studio 2010
Project("{FAE04EC0-301F-11D3-BF4B-00C04F79EFBC}") = "TestforEnergyOnline", "TestforEnergyOnline\TestforEnergyOnline.csproj", "{2E938C52-968B-4B4A-82D2-4E6A10C4353C}"
EndProject
Project("{FAE04EC0-301F-11D3-BF4B-00C04F79EFBC}") = "EnergyOnlineBusinessLogic", "EnergyOnlineBusinessLogic\EnergyOnlineBusinessLogic.csproj", "{AFCC393E-F3FD-424E-A707-0798DFCC3C5A}"
EndProject
Global
	GlobalSection(SolutionConfigurationPlatforms) = preSolution
		Debug|Any CPU = Debug|Any CPU
		Release|Any CPU = Release|Any CPU
	EndGlobalSection
	GlobalSection(ProjectConfigurationPlatforms) = postSolution
		{2E938C52-968B-4B4A-82D2-4E6A10C4353C}.Debug|Any CPU.ActiveCfg = Debug|Any CPU
		{2E938C52-968B-4B4A-82D2-4E6A10C4353C}.Debug|Any CPU.Build.0 = Debug|Any CPU
		{2E938C52-968B-4B4A-82D2-4E6A10C4353C}.Release|Any CPU.ActiveCfg = Release|Any CPU
		{2E938C52-968B-4B4A-82D2-4E6A10C4353C}.Release|Any CPU.Build.0 = Release|Any CPU
		{AFCC393E-F3FD-424E-A707-0798DFCC3C5A}.Debug|Any CPU.ActiveCfg = Debug|Any CPU
		{AFCC393E-F3FD-424E-A707-0798DFCC3C5A}.Debug|Any CPU.Build.0 = Debug|Any CPU
		{AFCC393E-F3FD-424E-A707-0798DFCC3C5A}.Release|Any CPU.ActiveCfg = Release|Any CPU
		{AFCC393E-F3FD-424E-A707-0798DFCC3C5A}.Release|Any CPU.Build.0 = Release|Any CPU
	EndGlobalSection
	GlobalSection(SolutionProperties) = preSolution
		HideSolutionNode = FALSE
	EndGlobalSection
EndGlobal
